
Microsoft Visual Studio Solution File, Format Version 12.00
# Visual Studio Version 17
VisualStudioVersion = 17.1.32414.318
MinimumVisualStudioVersion = 10.0.40219.1
Project("{FAE04EC0-301F-11D3-BF4B-00C04F79EFBC}") = "MyFirstConsoleApplication", "MyFirstConsoleApplication\MyFirstConsoleApplication.csproj", "{3CA3F7F2-F413-40DA-8B25-F42B4057FE14}"
EndProject
Global
	GlobalSection(SolutionConfigurationPlatforms) = preSolution
		Debug|Any CPU = Debug|Any CPU
		Release|Any CPU = Release|Any CPU
	EndGlobalSection
	GlobalSection(ProjectConfigurationPlatforms) = postSolution
		{3CA3F7F2-F413-40DA-8B25-F42B4057FE14}.Debug|Any CPU.ActiveCfg = Debug|Any CPU
		{3CA3F7F2-F413-40DA-8B25-F42B4057FE14}.Debug|Any CPU.Build.0 = Debug|Any CPU
		{3CA3F7F2-F413-40DA-8B25-F42B4057FE14}.Release|Any CPU.ActiveCfg = Release|Any CPU
		{3CA3F7F2-F413-40DA-8B25-F42B4057FE14}.Release|Any CPU.Build.0 = Release|Any CPU
	EndGlobalSection
	GlobalSection(SolutionProperties) = preSolution
		HideSolutionNode = FALSE
	EndGlobalSection
	GlobalSection(ExtensibilityGlobals) = postSolution
		SolutionGuid = {BD020B8F-D646-4E28-9A6E-2BA82AF0DF6E}
	EndGlobalSection
EndGlobal
